
Microsoft Visual Studio Solution File, Format Version 12.00
# Visual Studio 15
VisualStudioVersion = 15.0.28307.960
MinimumVisualStudioVersion = 10.0.40219.1
Project("{FAE04EC0-301F-11D3-BF4B-00C04F79EFBC}") = "JwtGenerator2", "JwtGenerator2\JwtGenerator2.csproj", "{C3985FB7-5079-436A-A038-30E1EA6B2C02}"
EndProject
Global
	GlobalSection(SolutionConfigurationPlatforms) = preSolution
		Debug|Any CPU = Debug|Any CPU
		Release|Any CPU = Release|Any CPU
	EndGlobalSection
	GlobalSection(ProjectConfigurationPlatforms) = postSolution
		{C3985FB7-5079-436A-A038-30E1EA6B2C02}.Debug|Any CPU.ActiveCfg = Debug|Any CPU
		{C3985FB7-5079-436A-A038-30E1EA6B2C02}.Debug|Any CPU.Build.0 = Debug|Any CPU
		{C3985FB7-5079-436A-A038-30E1EA6B2C02}.Release|Any CPU.ActiveCfg = Release|Any CPU
		{C3985FB7-5079-436A-A038-30E1EA6B2C02}.Release|Any CPU.Build.0 = Release|Any CPU
	EndGlobalSection
	GlobalSection(SolutionProperties) = preSolution
		HideSolutionNode = FALSE
	EndGlobalSection
	GlobalSection(ExtensibilityGlobals) = postSolution
		SolutionGuid = {90EFA69D-655B-4EAF-AE6F-4D1FE1C4ACA2}
	EndGlobalSection
EndGlobal
